// !$*UTF8*$!
{
	archiveVersion = 1;
	classes = {
	};
	objectVersion = 56;
	objects = {

/* Begin PBXBuildFile section */
		84F812F22FC582D4008E420E /* Bike4uApp.swift in Sources */ = {isa = PBXBuildFile; fileRef = 84F812F12FC582D4008E420E /* Bike4uApp.swift */; };
		84F812F42FC582D4008E420E /* ContentView.swift in Sources */ = {isa = PBXBuildFile; fileRef = 84F812F32FC582D4008E420E /* ContentView.swift */; };
		84F812F62FC582D6008E420E /* Assets.xcassets in Resources */ = {isa = PBXBuildFile; fileRef = 84F812F52FC582D6008E420E /* Assets.xcassets */; };
		84F812F92FC582D6008E420E /* Preview Assets.xcassets in Resources */ = {isa = PBXBuildFile; fileRef = 84F812F82FC582D6008E420E /* Preview Assets.xcassets */; };
		84F813032FC582D6008E420E /* Bike4uTests.swift in Sources */ = {isa = PBXBuildFile; fileRef = 84F813022FC582D6008E420E /* Bike4uTests.swift */; };
		84F8130D2FC582D6008E420E /* Bike4uUITests.swift in Sources */ = {isa = PBXBuildFile; fileRef = 84F8130C2FC582D6008E420E /* Bike4uUITests.swift */; };
		84F8130F2FC582D6008E420E /* Bike4uUITestsLaunchTests.swift in Sources */ = {isa = PBXBuildFile; fileRef = 84F8130E2FC582D6008E420E /* Bike4uUITestsLaunchTests.swift */; };
/* End PBXBuildFile section */

/* Begin PBXContainerItemProxy section */
		84F812FF2FC582D6008E420E /* PBXContainerItemProxy */ = {
			isa = PBXContainerItemProxy;
			containerPortal = 84F812E62FC582D4008E420E /* Project object */;
			proxyType = 1;
			remoteGlobalIDString = 84F812ED2FC582D4008E420E;
			remoteInfo = Bike4u;
		};
		84F813092FC582D6008E420E /* PBXContainerItemProxy */ = {
			isa = PBXContainerItemProxy;
			containerPortal = 84F812E62FC582D4008E420E /* Project object */;
			proxyType = 1;
			remoteGlobalIDString = 84F812ED2FC582D4008E420E;
			remoteInfo = Bike4u;
		};
/* End PBXContainerItemProxy section */

/* Begin PBXFileReference section */
		84F812EE2FC582D4008E420E /* Bike4u.app */ = {isa = PBXFileReference; explicitFileType = wrapper.application; includeInIndex = 0; path = Bike4u.app; sourceTree = BUILT_PRODUCTS_DIR; };
		84F812F12FC582D4008E420E /* Bike4uApp.swift */ = {isa = PBXFileReference; lastKnownFileType = sourcecode.swift; path = Bike4uApp.swift; sourceTree = "<group>"; };
		84F812F32FC582D4008E420E /* ContentView.swift */ = {isa = PBXFileReference; lastKnownFileType = sourcecode.swift; path = ContentView.swift; sourceTree = "<group>"; };
		84F812F52FC582D6008E420E /* Assets.xcassets */ = {isa = PBXFileReference; lastKnownFileType = folder.assetcatalog; path = Assets.xcassets; sourceTree = "<group>"; };
		84F812F82FC582D6008E420E /* Preview Assets.xcassets */ = {isa = PBXFileReference; lastKnownFileType = folder.assetcatalog; path = "Preview Assets.xcassets"; sourceTree = "<group>"; };
		84F812FE2FC582D6008E420E /* Bike4uTests.xctest */ = {isa = PBXFileReference; explicitFileType = wrapper.cfbundle; includeInIndex = 0; path = Bike4uTests.xctest; sourceTree = BUILT_PRODUCTS_DIR; };
		84F813022FC582D6008E420E /* Bike4uTests.swift */ = {isa = PBXFileReference; lastKnownFileType = sourcecode.swift; path = Bike4uTests.swift; sourceTree = "<group>"; };
		84F813082FC582D6008E420E /* Bike4uUITests.xctest */ = {isa = PBXFileReference; explicitFileType = wrapper.cfbundle; includeInIndex = 0; path = Bike4uUITests.xctest; sourceTree = BUILT_PRODUCTS_DIR; };
		84F8130C2FC582D6008E420E /* Bike4uUITests.swift */ = {isa = PBXFileReference; lastKnownFileType = sourcecode.swift; path = Bike4uUITests.swift; sourceTree = "<group>"; };
		84F8130E2FC582D6008E420E /* Bike4uUITestsLaunchTests.swift */ = {isa = PBXFileReference; lastKnownFileType = sourcecode.swift; path = Bike4uUITestsLaunchTests.swift; sourceTree = "<group>"; };
/* End PBXFileReference section */

/* Begin PBXFrameworksBuildPhase section */
		84F812EB2FC582D4008E420E /* Frameworks */ = {
			isa = PBXFrameworksBuildPhase;
			buildActionMask = 2147483647;
			files = (
			);
			runOnlyForDeploymentPostprocessing = 0;
		};
		84F812FB2FC582D6008E420E /* Frameworks */ = {
			isa = PBXFrameworksBuildPhase;
			buildActionMask = 2147483647;
			files = (
			);
			runOnlyForDeploymentPostprocessing = 0;
		};
		84F813052FC582D6008E420E /* Frameworks */ = {
			isa = PBXFrameworksBuildPhase;
			buildActionMask = 2147483647;
			files = (
			);
			runOnlyForDeploymentPostprocessing = 0;
		};
/* End PBXFrameworksBuildPhase section */

/* Begin PBXGroup section */
		84F812E52FC582D4008E420E = {
			isa = PBXGroup;
			children = (
				84F812F02FC582D4008E420E /* Bike4u */,
				84F813012FC582D6008E420E /* Bike4uTests */,
				84F8130B2FC582D6008E420E /* Bike4uUITests */,
				84F812EF2FC582D4008E420E /* Products */,
			);
			sourceTree = "<group>";
		};
		84F812EF2FC582D4008E420E /* Products */ = {
			isa = PBXGroup;
			children = (
				84F812EE2FC582D4008E420E /* Bike4u.app */,
				84F812FE2FC582D6008E420E /* Bike4uTests.xctest */,
				84F813082FC582D6008E420E /* Bike4uUITests.xctest */,
			);
			name = Products;
			sourceTree = "<group>";
		};
		84F812F02FC582D4008E420E /* Bike4u */ = {
			isa = PBXGroup;
			children = (
				84F812F12FC582D4008E420E /* Bike4uApp.swift */,
				84F812F32FC582D4008E420E /* ContentView.swift */,
				84F812F52FC582D6008E420E /* Assets.xcassets */,
				84F812F72FC582D6008E420E /* Preview Content */,
			);
			path = Bike4u;
			sourceTree = "<group>";
		};
		84F812F72FC582D6008E420E /* Preview Content */ = {
			isa = PBXGroup;
			children = (
				84F812F82FC582D6008E420E /* Preview Assets.xcassets */,
			);
			path = "Preview Content";
			sourceTree = "<group>";
		};
		84F813012FC582D6008E420E /* Bike4uTests */ = {
			isa = PBXGroup;
			children = (
				84F813022FC582D6008E420E /* Bike4uTests.swift */,
			);
			path = Bike4uTests;
			sourceTree = "<group>";
		};
		84F8130B2FC582D6008E420E /* Bike4uUITests */ = {
			isa = PBXGroup;
			children = (
				84F8130C2FC582D6008E420E /* Bike4uUITests.swift */,
				84F8130E2FC582D6008E420E /* Bike4uUITestsLaunchTests.swift */,
			);
			path = Bike4uUITests;
			sourceTree = "<group>";
		};
/* End PBXGroup section */

/* Begin PBXNativeTarget section */
		84F812ED2FC582D4008E420E /* Bike4u */ = {
			isa = PBXNativeTarget;
			buildConfigurationList = 84F813122FC582D7008E420E /* Build configuration list for PBXNativeTarget "Bike4u" */;
			buildPhases = (
				84F812EA2FC582D4008E420E /* Sources */,
				84F812EB2FC582D4008E420E /* Frameworks */,
				84F812EC2FC582D4008E420E /* Resources */,
			);
			buildRules = (
			);
			dependencies = (
			);
			name = Bike4u;
			productName = Bike4u;
			productReference = 84F812EE2FC582D4008E420E /* Bike4u.app */;
			productType = "com.apple.product-type.application";
		};
		84F812FD2FC582D6008E420E /* Bike4uTests */ = {
			isa = PBXNativeTarget;
			buildConfigurationList = 84F813152FC582D7008E420E /* Build configuration list for PBXNativeTarget "Bike4uTests" */;
			buildPhases = (
				84F812FA2FC582D6008E420E /* Sources */,
				84F812FB2FC582D6008E420E /* Frameworks */,
				84F812FC2FC582D6008E420E /* Resources */,
			);
			buildRules = (
			);
			dependencies = (
				84F813002FC582D6008E420E /* PBXTargetDependency */,
			);
			name = Bike4uTests;
			productName = Bike4uTests;
			productReference = 84F812FE2FC582D6008E420E /* Bike4uTests.xctest */;
			productType = "com.apple.product-type.bundle.unit-test";
		};
		84F813072FC582D6008E420E /* Bike4uUITests */ = {
			isa = PBXNativeTarget;
			buildConfigurationList = 84F813182FC582D7008E420E /* Build configuration list for PBXNativeTarget "Bike4uUITests" */;
			buildPhases = (
				84F813042FC582D6008E420E /* Sources */,
				84F813052FC582D6008E420E /* Frameworks */,
				84F813062FC582D6008E420E /* Resources */,
			);
			buildRules = (
			);
			dependencies = (
				84F8130A2FC582D6008E420E /* PBXTargetDependency */,
			);
			name = Bike4uUITests;
			productName = Bike4uUITests;
			productReference = 84F813082FC582D6008E420E /* Bike4uUITests.xctest */;
			productType = "com.apple.product-type.bundle.ui-testing";
		};
/* End PBXNativeTarget section */

/* Begin PBXProject section */
		84F812E62FC582D4008E420E /* Project object */ = {
			isa = PBXProject;
			attributes = {
				BuildIndependentTargetsInParallel = 1;
				LastSwiftUpdateCheck = 1520;
				LastUpgradeCheck = 1520;
				TargetAttributes = {
					84F812ED2FC582D4008E420E = {
						CreatedOnToolsVersion = 15.2;
					};
					84F812FD2FC582D6008E420E = {
						CreatedOnToolsVersion = 15.2;
						TestTargetID = 84F812ED2FC582D4008E420E;
					};
					84F813072FC582D6008E420E = {
						CreatedOnToolsVersion = 15.2;
						TestTargetID = 84F812ED2FC582D4008E420E;
					};
				};
			};
			buildConfigurationList = 84F812E92FC582D4008E420E /* Build configuration list for PBXProject "Bike4u" */;
			compatibilityVersion = "Xcode 14.0";
			developmentRegion = en;
			hasScannedForEncodings = 0;
			knownRegions = (
				en,
				Base,
			);
			mainGroup = 84F812E52FC582D4008E420E;
			productRefGroup = 84F812EF2FC582D4008E420E /* Products */;
			projectDirPath = "";
			projectRoot = "";
			targets = (
				84F812ED2FC582D4008E420E /* Bike4u */,
				84F812FD2FC582D6008E420E /* Bike4uTests */,
				84F813072FC582D6008E420E /* Bike4uUITests */,
			);
		};
/* End PBXProject section */

/* Begin PBXResourcesBuildPhase section */
		84F812EC2FC582D4008E420E /* Resources */ = {
			isa = PBXResourcesBuildPhase;
			buildActionMask = 2147483647;
			files = (
				84F812F92FC582D6008E420E /* Preview Assets.xcassets in Resources */,
				84F812F62FC582D6008E420E /* Assets.xcassets in Resources */,
			);
			runOnlyForDeploymentPostprocessing = 0;
		};
		84F812FC2FC582D6008E420E /* Resources */ = {
			isa = PBXResourcesBuildPhase;
			buildActionMask = 2147483647;
			files = (
			);
			runOnlyForDeploymentPostprocessing = 0;
		};
		84F813062FC582D6008E420E /* Resources */ = {
			isa = PBXResourcesBuildPhase;
			buildActionMask = 2147483647;
			files = (
			);
			runOnlyForDeploymentPostprocessing = 0;
		};
/* End PBXResourcesBuildPhase section */

/* Begin PBXSourcesBuildPhase section */
		84F812EA2FC582D4008E420E /* Sources */ = {
			isa = PBXSourcesBuildPhase;
			buildActionMask = 2147483647;
			files = (
				84F812F42FC582D4008E420E /* ContentView.swift in Sources */,
				84F812F22FC582D4008E420E /* Bike4uApp.swift in Sources */,
			);
			runOnlyForDeploymentPostprocessing = 0;
		};
		84F812FA2FC582D6008E420E /* Sources */ = {
			isa = PBXSourcesBuildPhase;
			buildActionMask = 2147483647;
			files = (
				84F813032FC582D6008E420E /* Bike4uTests.swift in Sources */,
			);
			runOnlyForDeploymentPostprocessing = 0;
		};
		84F813042FC582D6008E420E /* Sources */ = {
			isa = PBXSourcesBuildPhase;
			buildActionMask = 2147483647;
			files = (
				84F8130F2FC582D6008E420E /* Bike4uUITestsLaunchTests.swift in Sources */,
				84F8130D2FC582D6008E420E /* Bike4uUITests.swift in Sources */,
			);
			runOnlyForDeploymentPostprocessing = 0;
		};
/* End PBXSourcesBuildPhase section */

/* Begin PBXTargetDependency section */
		84F813002FC582D6008E420E /* PBXTargetDependency */ = {
			isa = PBXTargetDependency;
			target = 84F812ED2FC582D4008E420E /* Bike4u */;
			targetProxy = 84F812FF2FC582D6008E420E /* PBXContainerItemProxy */;
		};
		84F8130A2FC582D6008E420E /* PBXTargetDependency */ = {
			isa = PBXTargetDependency;
			target = 84F812ED2FC582D4008E420E /* Bike4u */;
			targetProxy = 84F813092FC582D6008E420E /* PBXContainerItemProxy */;
		};
/* End PBXTargetDependency section */

/* Begin XCBuildConfiguration section */
		84F813102FC582D7008E420E /* Debug */ = {
			isa = XCBuildConfiguration;
			buildSettings = {
				ALWAYS_SEARCH_USER_PATHS = NO;
				ASSETCATALOG_COMPILER_GENERATE_SWIFT_ASSET_SYMBOL_EXTENSIONS = YES;
				CLANG_ANALYZER_NONNULL = YES;
				CLANG_ANALYZER_NUMBER_OBJECT_CONVERSION = YES_AGGRESSIVE;
				CLANG_CXX_LANGUAGE_STANDARD = "gnu++20";
				CLANG_ENABLE_MODULES = YES;
				CLANG_ENABLE_OBJC_ARC = YES;
				CLANG_ENABLE_OBJC_WEAK = YES;
				CLANG_WARN_BLOCK_CAPTURE_AUTORELEASING = YES;
				CLANG_WARN_BOOL_CONVERSION = YES;
				CLANG_WARN_COMMA = YES;
				CLANG_WARN_CONSTANT_CONVERSION = YES;
				CLANG_WARN_DEPRECATED_OBJC_IMPLEMENTATIONS = YES;
				CLANG_WARN_DIRECT_OBJC_ISA_USAGE = YES_ERROR;
				CLANG_WARN_DOCUMENTATION_COMMENTS = YES;
				CLANG_WARN_EMPTY_BODY = YES;
				CLANG_WARN_ENUM_CONVERSION = YES;
				CLANG_WARN_INFINITE_RECURSION = YES;
				CLANG_WARN_INT_CONVERSION = YES;
				CLANG_WARN_NON_LITERAL_NULL_CONVERSION = YES;
				CLANG_WARN_OBJC_IMPLICIT_RETAIN_SELF = YES;
				CLANG_WARN_OBJC_LITERAL_CONVERSION = YES;
				CLANG_WARN_OBJC_ROOT_CLASS = YES_ERROR;
				CLANG_WARN_QUOTED_INCLUDE_IN_FRAMEWORK_HEADER = YES;
				CLANG_WARN_RANGE_LOOP_ANALYSIS = YES;
				CLANG_WARN_STRICT_PROTOTYPES = YES;
				CLANG_WARN_SUSPICIOUS_MOVE = YES;
				CLANG_WARN_UNGUARDED_AVAILABILITY = YES_AGGRESSIVE;
				CLANG_WARN_UNREACHABLE_CODE = YES;
				CLANG_WARN__DUPLICATE_METHOD_MATCH = YES;
				COPY_PHASE_STRIP = NO;
				DEBUG_INFORMATION_FORMAT = dwarf;
				ENABLE_STRICT_OBJC_MSGSEND = YES;
				ENABLE_TESTABILITY = YES;
				ENABLE_USER_SCRIPT_SANDBOXING = YES;
				GCC_C_LANGUAGE_STANDARD = gnu17;
				GCC_DYNAMIC_NO_PIC = NO;
				GCC_NO_COMMON_BLOCKS = YES;
				GCC_OPTIMIZATION_LEVEL = 0;
				GCC_PREPROCESSOR_DEFINITIONS = (
					"DEBUG=1",
					"$(inherited)",
				);
				GCC_WARN_64_TO_32_BIT_CONVERSION = YES;
				GCC_WARN_ABOUT_RETURN_TYPE = YES_ERROR;
				GCC_WARN_UNDECLARED_SELECTOR = YES;
				GCC_WARN_UNINITIALIZED_AUTOS = YES_AGGRESSIVE;
				GCC_WARN_UNUSED_FUNCTION = YES;
				GCC_WARN_UNUSED_VARIABLE = YES;
				IPHONEOS_DEPLOYMENT_TARGET = 17.2;
				LOCALIZATION_PREFERS_STRING_CATALOGS = YES;
				MTL_ENABLE_DEBUG_INFO = INCLUDE_SOURCE;
				MTL_FAST_MATH = YES;
				ONLY_ACTIVE_ARCH = YES;
				SDKROOT = iphoneos;
				SWIFT_ACTIVE_COMPILATION_CONDITIONS = "DEBUG $(inherited)";
				SWIFT_OPTIMIZATION_LEVEL = "-Onone";
			};
			name = Debug;
		};
		84F813112FC582D7008E420E /* Release */ = {
			isa = XCBuildConfiguration;
			buildSettings = {
				ALWAYS_SEARCH_USER_PATHS = NO;
				ASSETCATALOG_COMPILER_GENERATE_SWIFT_ASSET_SYMBOL_EXTENSIONS = YES;
				CLANG_ANALYZER_NONNULL = YES;
				CLANG_ANALYZER_NUMBER_OBJECT_CONVERSION = YES_AGGRESSIVE;
				CLANG_CXX_LANGUAGE_STANDARD = "gnu++20";
				CLANG_ENABLE_MODULES = YES;
				CLANG_ENABLE_OBJC_ARC = YES;
				CLANG_ENABLE_OBJC_WEAK = YES;
				CLANG_WARN_BLOCK_CAPTURE_AUTORELEASING = YES;
				CLANG_WARN_BOOL_CONVERSION = YES;
				CLANG_WARN_COMMA = YES;
				CLANG_WARN_CONSTANT_CONVERSION = YES;
				CLANG_WARN_DEPRECATED_OBJC_IMPLEMENTATIONS = YES;
				CLANG_WARN_DIRECT_OBJC_ISA_USAGE = YES_ERROR;
				CLANG_WARN_DOCUMENTATION_COMMENTS = YES;
				CLANG_WARN_EMPTY_BODY = YES;
				CLANG_WARN_ENUM_CONVERSION = YES;
				CLANG_WARN_INFINITE_RECURSION = YES;
				CLANG_WARN_INT_CONVERSION = YES;
				CLANG_WARN_NON_LITERAL_NULL_CONVERSION = YES;
				CLANG_WARN_OBJC_IMPLICIT_RETAIN_SELF = YES;
				CLANG_WARN_OBJC_LITERAL_CONVERSION = YES;
				CLANG_WARN_OBJC_ROOT_CLASS = YES_ERROR;
				CLANG_WARN_QUOTED_INCLUDE_IN_FRAMEWORK_HEADER = YES;
				CLANG_WARN_RANGE_LOOP_ANALYSIS = YES;
				CLANG_WARN_STRICT_PROTOTYPES = YES;
				CLANG_WARN_SUSPICIOUS_MOVE = YES;
				CLANG_WARN_UNGUARDED_AVAILABILITY = YES_AGGRESSIVE;
				CLANG_WARN_UNREACHABLE_CODE = YES;
				CLANG_WARN__DUPLICATE_METHOD_MATCH = YES;
				COPY_PHASE_STRIP = NO;
				DEBUG_INFORMATION_FORMAT = "dwarf-with-dsym";
				ENABLE_NS_ASSERTIONS = NO;
				ENABLE_STRICT_OBJC_MSGSEND = YES;
				ENABLE_USER_SCRIPT_SANDBOXING = YES;
				GCC_C_LANGUAGE_STANDARD = gnu17;
				GCC_NO_COMMON_BLOCKS = YES;
				GCC_WARN_64_TO_32_BIT_CONVERSION = YES;
				GCC_WARN_ABOUT_RETURN_TYPE = YES_ERROR;
				GCC_WARN_UNDECLARED_SELECTOR = YES;
				GCC_WARN_UNINITIALIZED_AUTOS = YES_AGGRESSIVE;
				GCC_WARN_UNUSED_FUNCTION = YES;
				GCC_WARN_UNUSED_VARIABLE = YES;
				IPHONEOS_DEPLOYMENT_TARGET = 17.2;
				LOCALIZATION_PREFERS_STRING_CATALOGS = YES;
				MTL_ENABLE_DEBUG_INFO = NO;
				MTL_FAST_MATH = YES;
				SDKROOT = iphoneos;
				SWIFT_COMPILATION_MODE = wholemodule;
				VALIDATE_PRODUCT = YES;
			};
			name = Release;
		};
		84F813132FC582D7008E420E /* Debug */ = {
			isa = XCBuildConfiguration;
			buildSettings = {
				ASSETCATALOG_COMPILER_APPICON_NAME = AppIcon;
				ASSETCATALOG_COMPILER_GLOBAL_ACCENT_COLOR_NAME = AccentColor;
				CODE_SIGN_STYLE = Automatic;
				CURRENT_PROJECT_VERSION = 1;
				DEVELOPMENT_ASSET_PATHS = "\"Bike4u/Preview Content\"";
				ENABLE_PREVIEWS = YES;
				GENERATE_INFOPLIST_FILE = YES;
				INFOPLIST_KEY_UIApplicationSceneManifest_Generation = YES;
				INFOPLIST_KEY_UIApplicationSupportsIndirectInputEvents = YES;
				INFOPLIST_KEY_UILaunchScreen_Generation = YES;
				INFOPLIST_KEY_UISupportedInterfaceOrientations_iPad = "UIInterfaceOrientationPortrait UIInterfaceOrientationPortraitUpsideDown UIInterfaceOrientationLandscapeLeft UIInterfaceOrientationLandscapeRight";
				INFOPLIST_KEY_UISupportedInterfaceOrientations_iPhone = "UIInterfaceOrientationPortrait UIInterfaceOrientationLandscapeLeft UIInterfaceOrientationLandscapeRight";
				LD_RUNPATH_SEARCH_PATHS = (
					"$(inherited)",
					"@executable_path/Frameworks",
				);
				MARKETING_VERSION = 1.0;
				PRODUCT_BUNDLE_IDENTIFIER = FF.Bike4u;
				PRODUCT_NAME = "$(TARGET_NAME)";
				SWIFT_EMIT_LOC_STRINGS = YES;
				SWIFT_VERSION = 5.0;
				TARGETED_DEVICE_FAMILY = "1,2";
			};
			name = Debug;
		};
		84F813142FC582D7008E420E /* Release */ = {
			isa = XCBuildConfiguration;
			buildSettings = {
				ASSETCATALOG_COMPILER_APPICON_NAME = AppIcon;
				ASSETCATALOG_COMPILER_GLOBAL_ACCENT_COLOR_NAME = AccentColor;
				CODE_SIGN_STYLE = Automatic;
				CURRENT_PROJECT_VERSION = 1;
				DEVELOPMENT_ASSET_PATHS = "\"Bike4u/Preview Content\"";
				ENABLE_PREVIEWS = YES;
				GENERATE_INFOPLIST_FILE = YES;
				INFOPLIST_KEY_UIApplicationSceneManifest_Generation = YES;
				INFOPLIST_KEY_UIApplicationSupportsIndirectInputEvents = YES;
				INFOPLIST_KEY_UILaunchScreen_Generation = YES;
				INFOPLIST_KEY_UISupportedInterfaceOrientations_iPad = "UIInterfaceOrientationPortrait UIInterfaceOrientationPortraitUpsideDown UIInterfaceOrientationLandscapeLeft UIInterfaceOrientationLandscapeRight";
				INFOPLIST_KEY_UISupportedInterfaceOrientations_iPhone = "UIInterfaceOrientationPortrait UIInterfaceOrientationLandscapeLeft UIInterfaceOrientationLandscapeRight";
				LD_RUNPATH_SEARCH_PATHS = (
					"$(inherited)",
					"@executable_path/Frameworks",
				);
				MARKETING_VERSION = 1.0;
				PRODUCT_BUNDLE_IDENTIFIER = FF.Bike4u;
				PRODUCT_NAME = "$(TARGET_NAME)";
				SWIFT_EMIT_LOC_STRINGS = YES;
				SWIFT_VERSION = 5.0;
				TARGETED_DEVICE_FAMILY = "1,2";
			};
			name = Release;
		};
		84F813162FC582D7008E420E /* Debug */ = {
			isa = XCBuildConfiguration;
			buildSettings = {
				ALWAYS_EMBED_SWIFT_STANDARD_LIBRARIES = YES;
				BUNDLE_LOADER = "$(TEST_HOST)";
				CODE_SIGN_STYLE = Automatic;
				CURRENT_PROJECT_VERSION = 1;
				GENERATE_INFOPLIST_FILE = YES;
				IPHONEOS_DEPLOYMENT_TARGET = 17.2;
				MARKETING_VERSION = 1.0;
				PRODUCT_BUNDLE_IDENTIFIER = FF.Bike4uTests;
				PRODUCT_NAME = "$(TARGET_NAME)";
				SWIFT_EMIT_LOC_STRINGS = NO;
				SWIFT_VERSION = 5.0;
				TARGETED_DEVICE_FAMILY = "1,2";
				TEST_HOST = "$(BUILT_PRODUCTS_DIR)/Bike4u.app/$(BUNDLE_EXECUTABLE_FOLDER_PATH)/Bike4u";
			};
			name = Debug;
		};
		84F813172FC582D7008E420E /* Release */ = {
			isa = XCBuildConfiguration;
			buildSettings = {
				ALWAYS_EMBED_SWIFT_STANDARD_LIBRARIES = YES;
				BUNDLE_LOADER = "$(TEST_HOST)";
				CODE_SIGN_STYLE = Automatic;
				CURRENT_PROJECT_VERSION = 1;
				GENERATE_INFOPLIST_FILE = YES;
				IPHONEOS_DEPLOYMENT_TARGET = 17.2;
				MARKETING_VERSION = 1.0;
				PRODUCT_BUNDLE_IDENTIFIER = FF.Bike4uTests;
				PRODUCT_NAME = "$(TARGET_NAME)";
				SWIFT_EMIT_LOC_STRINGS = NO;
				SWIFT_VERSION = 5.0;
				TARGETED_DEVICE_FAMILY = "1,2";
				TEST_HOST = "$(BUILT_PRODUCTS_DIR)/Bike4u.app/$(BUNDLE_EXECUTABLE_FOLDER_PATH)/Bike4u";
			};
			name = Release;
		};
		84F813192FC582D7008E420E /* Debug */ = {
			isa = XCBuildConfiguration;
			buildSettings = {
				ALWAYS_EMBED_SWIFT_STANDARD_LIBRARIES = YES;
				CODE_SIGN_STYLE = Automatic;
				CURRENT_PROJECT_VERSION = 1;
				GENERATE_INFOPLIST_FILE = YES;
				MARKETING_VERSION = 1.0;
				PRODUCT_BUNDLE_IDENTIFIER = FF.Bike4uUITests;
				PRODUCT_NAME = "$(TARGET_NAME)";
				SWIFT_EMIT_LOC_STRINGS = NO;
				SWIFT_VERSION = 5.0;
				TARGETED_DEVICE_FAMILY = "1,2";
				TEST_TARGET_NAME = Bike4u;
			};
			name = Debug;
		};
		84F8131A2FC582D7008E420E /* Release */ = {
			isa = XCBuildConfiguration;
			buildSettings = {
				ALWAYS_EMBED_SWIFT_STANDARD_LIBRARIES = YES;
				CODE_SIGN_STYLE = Automatic;
				CURRENT_PROJECT_VERSION = 1;
				GENERATE_INFOPLIST_FILE = YES;
				MARKETING_VERSION = 1.0;
				PRODUCT_BUNDLE_IDENTIFIER = FF.Bike4uUITests;
				PRODUCT_NAME = "$(TARGET_NAME)";
				SWIFT_EMIT_LOC_STRINGS = NO;
				SWIFT_VERSION = 5.0;
				TARGETED_DEVICE_FAMILY = "1,2";
				TEST_TARGET_NAME = Bike4u;
			};
			name = Release;
		};
/* End XCBuildConfiguration section */

/* Begin XCConfigurationList section */
		84F812E92FC582D4008E420E /* Build configuration list for PBXProject "Bike4u" */ = {
			isa = XCConfigurationList;
			buildConfigurations = (
				84F813102FC582D7008E420E /* Debug */,
				84F813112FC582D7008E420E /* Release */,
			);
			defaultConfigurationIsVisible = 0;
			defaultConfigurationName = Release;
		};
		84F813122FC582D7008E420E /* Build configuration list for PBXNativeTarget "Bike4u" */ = {
			isa = XCConfigurationList;
			buildConfigurations = (
				84F813132FC582D7008E420E /* Debug */,
				84F813142FC582D7008E420E /* Release */,
			);
			defaultConfigurationIsVisible = 0;
			defaultConfigurationName = Release;
		};
		84F813152FC582D7008E420E /* Build configuration list for PBXNativeTarget "Bike4uTests" */ = {
			isa = XCConfigurationList;
			buildConfigurations = (
				84F813162FC582D7008E420E /* Debug */,
				84F813172FC582D7008E420E /* Release */,
			);
			defaultConfigurationIsVisible = 0;
			defaultConfigurationName = Release;
		};
		84F813182FC582D7008E420E /* Build configuration list for PBXNativeTarget "Bike4uUITests" */ = {
			isa = XCConfigurationList;
			buildConfigurations = (
				84F813192FC582D7008E420E /* Debug */,
				84F8131A2FC582D7008E420E /* Release */,
			);
			defaultConfigurationIsVisible = 0;
			defaultConfigurationName = Release;
		};
/* End XCConfigurationList section */
	};
	rootObject = 84F812E62FC582D4008E420E /* Project object */;
}
